
Microsoft Visual Studio Solution File, Format Version 12.00
# Visual Studio Version 16
VisualStudioVersion = 16.0.808.4
MinimumVisualStudioVersion = 10.0.40219.1
Project("{FAE04EC0-301F-11D3-BF4B-00C04F79EFBC}") = "mutational_fuzzer", "mutational_fuzzer\mutational_fuzzer.csproj", "{5BC77439-8572-41FD-8CD9-24FC0E2A9446}"
EndProject
Global
	GlobalSection(SolutionConfigurationPlatforms) = preSolution
		Debug|Any CPU = Debug|Any CPU
		Release|Any CPU = Release|Any CPU
	EndGlobalSection
	GlobalSection(ProjectConfigurationPlatforms) = postSolution
		{5BC77439-8572-41FD-8CD9-24FC0E2A9446}.Debug|Any CPU.ActiveCfg = Debug|Any CPU
		{5BC77439-8572-41FD-8CD9-24FC0E2A9446}.Debug|Any CPU.Build.0 = Debug|Any CPU
		{5BC77439-8572-41FD-8CD9-24FC0E2A9446}.Release|Any CPU.ActiveCfg = Release|Any CPU
		{5BC77439-8572-41FD-8CD9-24FC0E2A9446}.Release|Any CPU.Build.0 = Release|Any CPU
	EndGlobalSection
	GlobalSection(SolutionProperties) = preSolution
		HideSolutionNode = FALSE
	EndGlobalSection
	GlobalSection(ExtensibilityGlobals) = postSolution
		SolutionGuid = {DF606A8D-91A9-4D4B-8E92-C079F9E85A03}
	EndGlobalSection
EndGlobal
